
Microsoft Visual Studio Solution File, Format Version 12.00
# Visual Studio Version 16
VisualStudioVersion = 16.0.29009.5
MinimumVisualStudioVersion = 10.0.40219.1
Project("{FAE04EC0-301F-11D3-BF4B-00C04F79EFBC}") = "NYCTaxiCabApp.Web", "NYCTaxiCabApp.Web\NYCTaxiCabApp.Web.csproj", "{93FF4160-A9FE-4F45-A719-A9BDF411DB52}"
EndProject
Global
	GlobalSection(SolutionConfigurationPlatforms) = preSolution
		Debug|Any CPU = Debug|Any CPU
		Release|Any CPU = Release|Any CPU
	EndGlobalSection
	GlobalSection(ProjectConfigurationPlatforms) = postSolution
		{93FF4160-A9FE-4F45-A719-A9BDF411DB52}.Debug|Any CPU.ActiveCfg = Debug|Any CPU
		{93FF4160-A9FE-4F45-A719-A9BDF411DB52}.Debug|Any CPU.Build.0 = Debug|Any CPU
		{93FF4160-A9FE-4F45-A719-A9BDF411DB52}.Release|Any CPU.ActiveCfg = Release|Any CPU
		{93FF4160-A9FE-4F45-A719-A9BDF411DB52}.Release|Any CPU.Build.0 = Release|Any CPU
	EndGlobalSection
	GlobalSection(SolutionProperties) = preSolution
		HideSolutionNode = FALSE
	EndGlobalSection
	GlobalSection(ExtensibilityGlobals) = postSolution
		SolutionGuid = {188432CA-C6E5-4F8B-91C8-E0F4F1258D39}
	EndGlobalSection
EndGlobal
